
Microsoft Visual Studio Solution File, Format Version 12.00
# Visual Studio 15
VisualStudioVersion = 15.0.26430.6
MinimumVisualStudioVersion = 10.0.40219.1
Project("{FAE04EC0-301F-11D3-BF4B-00C04F79EFBC}") = "DirectionsEmea.Web", "DirectionsEmea.Web\DirectionsEmea.Web.csproj", "{AB55E1DB-8AE7-47E3-A659-7DB8E88A2020}"
EndProject
Project("{FAE04EC0-301F-11D3-BF4B-00C04F79EFBC}") = "DirectionsEmea.Web.Tests", "DirectionsEmea.Web.Tests\DirectionsEmea.Web.Tests.csproj", "{FC6549CB-62FA-419A-88E4-0F815F064D23}"
EndProject
Project("{FAE04EC0-301F-11D3-BF4B-00C04F79EFBC}") = "TypedEntities", "TypedEntities\TypedEntities.csproj", "{0BE46510-B4CC-4C2E-B529-7EE232DF5609}"
EndProject
Project("{2150E333-8FDC-42A3-9474-1A3956D46DE8}") = "Repo", "Repo", "{9BCD4BC1-DF5A-40DA-B654-6924E962CCC7}"
	ProjectSection(SolutionItems) = preProject
		README.md = README.md
	EndProjectSection
EndProject
Project("{FAE04EC0-301F-11D3-BF4B-00C04F79EFBC}") = "DirectionsEmea.Plugins", "DirectionsEmea.Plugins\DirectionsEmea.Plugins.csproj", "{62446EA3-BE66-4273-A3F2-824158A5A762}"
EndProject
Project("{FAE04EC0-301F-11D3-BF4B-00C04F79EFBC}") = "DirectionsEmea.Plugins.Tests", "DirectionsEmea.Plugins.Tests\DirectionsEmea.Plugins.Tests.csproj", "{3D46940F-7DEB-4249-8C5F-363C893CC9DB}"
EndProject
Project("{FAE04EC0-301F-11D3-BF4B-00C04F79EFBC}") = "DirectionsEmea.CodeActivities", "DirectionsEmea.CodeActivities\DirectionsEmea.CodeActivities.csproj", "{10C9B3F9-34E6-4B0E-BD16-52379679290F}"
EndProject
Project("{FAE04EC0-301F-11D3-BF4B-00C04F79EFBC}") = "DirectionsEmea.CodeActivities.Tests", "DirectionsEmea.CodeActivities.Tests\DirectionsEmea.CodeActivities.Tests.csproj", "{03ABDB74-351F-4EDB-97DC-9FD2FEA58379}"
EndProject
Project("{FAE04EC0-301F-11D3-BF4B-00C04F79EFBC}") = "DirectionsEmea.WebService", "DirectionsEmea.WebService\DirectionsEmea.WebService.csproj", "{18A85B8F-4F80-4946-B721-BA729313CAB7}"
EndProject
Global
	GlobalSection(SolutionConfigurationPlatforms) = preSolution
		Debug|Any CPU = Debug|Any CPU
		Release|Any CPU = Release|Any CPU
	EndGlobalSection
	GlobalSection(ProjectConfigurationPlatforms) = postSolution
		{AB55E1DB-8AE7-47E3-A659-7DB8E88A2020}.Debug|Any CPU.ActiveCfg = Debug|Any CPU
		{AB55E1DB-8AE7-47E3-A659-7DB8E88A2020}.Debug|Any CPU.Build.0 = Debug|Any CPU
		{AB55E1DB-8AE7-47E3-A659-7DB8E88A2020}.Release|Any CPU.ActiveCfg = Release|Any CPU
		{AB55E1DB-8AE7-47E3-A659-7DB8E88A2020}.Release|Any CPU.Build.0 = Release|Any CPU
		{FC6549CB-62FA-419A-88E4-0F815F064D23}.Debug|Any CPU.ActiveCfg = Debug|Any CPU
		{FC6549CB-62FA-419A-88E4-0F815F064D23}.Debug|Any CPU.Build.0 = Debug|Any CPU
		{FC6549CB-62FA-419A-88E4-0F815F064D23}.Release|Any CPU.ActiveCfg = Release|Any CPU
		{FC6549CB-62FA-419A-88E4-0F815F064D23}.Release|Any CPU.Build.0 = Release|Any CPU
		{0BE46510-B4CC-4C2E-B529-7EE232DF5609}.Debug|Any CPU.ActiveCfg = Debug|Any CPU
		{0BE46510-B4CC-4C2E-B529-7EE232DF5609}.Debug|Any CPU.Build.0 = Debug|Any CPU
		{0BE46510-B4CC-4C2E-B529-7EE232DF5609}.Release|Any CPU.ActiveCfg = Release|Any CPU
		{0BE46510-B4CC-4C2E-B529-7EE232DF5609}.Release|Any CPU.Build.0 = Release|Any CPU
		{62446EA3-BE66-4273-A3F2-824158A5A762}.Debug|Any CPU.ActiveCfg = Debug|Any CPU
		{62446EA3-BE66-4273-A3F2-824158A5A762}.Debug|Any CPU.Build.0 = Debug|Any CPU
		{62446EA3-BE66-4273-A3F2-824158A5A762}.Release|Any CPU.ActiveCfg = Release|Any CPU
		{62446EA3-BE66-4273-A3F2-824158A5A762}.Release|Any CPU.Build.0 = Release|Any CPU
		{3D46940F-7DEB-4249-8C5F-363C893CC9DB}.Debug|Any CPU.ActiveCfg = Debug|Any CPU
		{3D46940F-7DEB-4249-8C5F-363C893CC9DB}.Debug|Any CPU.Build.0 = Debug|Any CPU
		{3D46940F-7DEB-4249-8C5F-363C893CC9DB}.Release|Any CPU.ActiveCfg = Release|Any CPU
		{3D46940F-7DEB-4249-8C5F-363C893CC9DB}.Release|Any CPU.Build.0 = Release|Any CPU
		{10C9B3F9-34E6-4B0E-BD16-52379679290F}.Debug|Any CPU.ActiveCfg = Debug|Any CPU
		{10C9B3F9-34E6-4B0E-BD16-52379679290F}.Debug|Any CPU.Build.0 = Debug|Any CPU
		{10C9B3F9-34E6-4B0E-BD16-52379679290F}.Release|Any CPU.ActiveCfg = Release|Any CPU
		{10C9B3F9-34E6-4B0E-BD16-52379679290F}.Release|Any CPU.Build.0 = Release|Any CPU
		{03ABDB74-351F-4EDB-97DC-9FD2FEA58379}.Debug|Any CPU.ActiveCfg = Debug|Any CPU
		{03ABDB74-351F-4EDB-97DC-9FD2FEA58379}.Debug|Any CPU.Build.0 = Debug|Any CPU
		{03ABDB74-351F-4EDB-97DC-9FD2FEA58379}.Release|Any CPU.ActiveCfg = Release|Any CPU
		{03ABDB74-351F-4EDB-97DC-9FD2FEA58379}.Release|Any CPU.Build.0 = Release|Any CPU
		{18A85B8F-4F80-4946-B721-BA729313CAB7}.Debug|Any CPU.ActiveCfg = Debug|Any CPU
		{18A85B8F-4F80-4946-B721-BA729313CAB7}.Debug|Any CPU.Build.0 = Debug|Any CPU
		{18A85B8F-4F80-4946-B721-BA729313CAB7}.Release|Any CPU.ActiveCfg = Release|Any CPU
		{18A85B8F-4F80-4946-B721-BA729313CAB7}.Release|Any CPU.Build.0 = Release|Any CPU
	EndGlobalSection
	GlobalSection(SolutionProperties) = preSolution
		HideSolutionNode = FALSE
	EndGlobalSection
EndGlobal
